
Microsoft Visual Studio Solution File, Format Version 12.00
Project("{FAE04EC0-301F-11D3-BF4B-00C04F79EFBC}") = "Framework", "Framework\Framework.csproj", "{2067D8AD-431F-4368-B61C-77905FDABFD0}"
EndProject
Project("{FAE04EC0-301F-11D3-BF4B-00C04F79EFBC}") = "Infrastructure", "Infrastructure\Infrastructure.csproj", "{9B5A2C6E-90AC-4C8F-A49B-866A69DB7CE2}"
EndProject
Global
	GlobalSection(SolutionConfigurationPlatforms) = preSolution
		Debug|Any CPU = Debug|Any CPU
		Release|Any CPU = Release|Any CPU
	EndGlobalSection
	GlobalSection(ProjectConfigurationPlatforms) = postSolution
		{2067D8AD-431F-4368-B61C-77905FDABFD0}.Debug|Any CPU.ActiveCfg = Debug|Any CPU
		{2067D8AD-431F-4368-B61C-77905FDABFD0}.Debug|Any CPU.Build.0 = Debug|Any CPU
		{2067D8AD-431F-4368-B61C-77905FDABFD0}.Release|Any CPU.ActiveCfg = Release|Any CPU
		{2067D8AD-431F-4368-B61C-77905FDABFD0}.Release|Any CPU.Build.0 = Release|Any CPU
		{9B5A2C6E-90AC-4C8F-A49B-866A69DB7CE2}.Debug|Any CPU.ActiveCfg = Debug|Any CPU
		{9B5A2C6E-90AC-4C8F-A49B-866A69DB7CE2}.Debug|Any CPU.Build.0 = Debug|Any CPU
		{9B5A2C6E-90AC-4C8F-A49B-866A69DB7CE2}.Release|Any CPU.ActiveCfg = Release|Any CPU
		{9B5A2C6E-90AC-4C8F-A49B-866A69DB7CE2}.Release|Any CPU.Build.0 = Release|Any CPU
	EndGlobalSection
EndGlobal
